
Microsoft Visual Studio Solution File, Format Version 12.00
# Visual Studio Version 17
VisualStudioVersion = 17.8.34511.84
MinimumVisualStudioVersion = 10.0.40219.1
Project("{FAE04EC0-301F-11D3-BF4B-00C04F79EFBC}") = "SpecFlowProject2", "SpecFlowProject2\SpecFlowProject2.csproj", "{47DE620B-7036-411C-9C07-4BEFC0F80B79}"
EndProject
Global
	GlobalSection(SolutionConfigurationPlatforms) = preSolution
		Debug|Any CPU = Debug|Any CPU
		Release|Any CPU = Release|Any CPU
	EndGlobalSection
	GlobalSection(ProjectConfigurationPlatforms) = postSolution
		{47DE620B-7036-411C-9C07-4BEFC0F80B79}.Debug|Any CPU.ActiveCfg = Debug|Any CPU
		{47DE620B-7036-411C-9C07-4BEFC0F80B79}.Debug|Any CPU.Build.0 = Debug|Any CPU
		{47DE620B-7036-411C-9C07-4BEFC0F80B79}.Release|Any CPU.ActiveCfg = Release|Any CPU
		{47DE620B-7036-411C-9C07-4BEFC0F80B79}.Release|Any CPU.Build.0 = Release|Any CPU
	EndGlobalSection
	GlobalSection(SolutionProperties) = preSolution
		HideSolutionNode = FALSE
	EndGlobalSection
	GlobalSection(ExtensibilityGlobals) = postSolution
		SolutionGuid = {8666D357-0B24-40E4-A59F-25F9A8E9A74C}
	EndGlobalSection
EndGlobal
